
Microsoft Visual Studio Solution File, Format Version 12.00
# Visual Studio Version 17
VisualStudioVersion = 17.0.31903.59
MinimumVisualStudioVersion = 10.0.40219.1
Project("{FAE04EC0-301F-11D3-BF4B-00C04F79EFBC}") = "RenessansAPI", "RenessansAPI\RenessansAPI.csproj", "{AD3A1977-668C-4D14-A59F-288AC9963DC2}"
EndProject
Project("{FAE04EC0-301F-11D3-BF4B-00C04F79EFBC}") = "RenessansAPI.Domain", "RenessansAPI.Domain\RenessansAPI.Domain.csproj", "{B711C46E-AC5D-4C11-973E-3D270BBECEB0}"
EndProject
Project("{FAE04EC0-301F-11D3-BF4B-00C04F79EFBC}") = "RenessansAPI.DataAccess", "RenessansAPI.DataAccess\RenessansAPI.DataAccess.csproj", "{18A3B8B2-AB0A-4263-8DF0-DAE76AD12FB1}"
EndProject
Project("{FAE04EC0-301F-11D3-BF4B-00C04F79EFBC}") = "RenessansAPI.Service", "RenessansAPI.Service\RenessansAPI.Service.csproj", "{444858F4-43D0-45C4-A852-A71A0C70FEFD}"
EndProject
Global
	GlobalSection(SolutionConfigurationPlatforms) = preSolution
		Debug|Any CPU = Debug|Any CPU
		Debug|x64 = Debug|x64
		Debug|x86 = Debug|x86
		Release|Any CPU = Release|Any CPU
		Release|x64 = Release|x64
		Release|x86 = Release|x86
	EndGlobalSection
	GlobalSection(ProjectConfigurationPlatforms) = postSolution
		{AD3A1977-668C-4D14-A59F-288AC9963DC2}.Debug|Any CPU.ActiveCfg = Debug|Any CPU
		{AD3A1977-668C-4D14-A59F-288AC9963DC2}.Debug|Any CPU.Build.0 = Debug|Any CPU
		{AD3A1977-668C-4D14-A59F-288AC9963DC2}.Debug|x64.ActiveCfg = Debug|Any CPU
		{AD3A1977-668C-4D14-A59F-288AC9963DC2}.Debug|x64.Build.0 = Debug|Any CPU
		{AD3A1977-668C-4D14-A59F-288AC9963DC2}.Debug|x86.ActiveCfg = Debug|Any CPU
		{AD3A1977-668C-4D14-A59F-288AC9963DC2}.Debug|x86.Build.0 = Debug|Any CPU
		{AD3A1977-668C-4D14-A59F-288AC9963DC2}.Release|Any CPU.ActiveCfg = Release|Any CPU
		{AD3A1977-668C-4D14-A59F-288AC9963DC2}.Release|Any CPU.Build.0 = Release|Any CPU
		{AD3A1977-668C-4D14-A59F-288AC9963DC2}.Release|x64.ActiveCfg = Release|Any CPU
		{AD3A1977-668C-4D14-A59F-288AC9963DC2}.Release|x64.Build.0 = Release|Any CPU
		{AD3A1977-668C-4D14-A59F-288AC9963DC2}.Release|x86.ActiveCfg = Release|Any CPU
		{AD3A1977-668C-4D14-A59F-288AC9963DC2}.Release|x86.Build.0 = Release|Any CPU
		{B711C46E-AC5D-4C11-973E-3D270BBECEB0}.Debug|Any CPU.ActiveCfg = Debug|Any CPU
		{B711C46E-AC5D-4C11-973E-3D270BBECEB0}.Debug|Any CPU.Build.0 = Debug|Any CPU
		{B711C46E-AC5D-4C11-973E-3D270BBECEB0}.Debug|x64.ActiveCfg = Debug|Any CPU
		{B711C46E-AC5D-4C11-973E-3D270BBECEB0}.Debug|x64.Build.0 = Debug|Any CPU
		{B711C46E-AC5D-4C11-973E-3D270BBECEB0}.Debug|x86.ActiveCfg = Debug|Any CPU
		{B711C46E-AC5D-4C11-973E-3D270BBECEB0}.Debug|x86.Build.0 = Debug|Any CPU
		{B711C46E-AC5D-4C11-973E-3D270BBECEB0}.Release|Any CPU.ActiveCfg = Release|Any CPU
		{B711C46E-AC5D-4C11-973E-3D270BBECEB0}.Release|Any CPU.Build.0 = Release|Any CPU
		{B711C46E-AC5D-4C11-973E-3D270BBECEB0}.Release|x64.ActiveCfg = Release|Any CPU
		{B711C46E-AC5D-4C11-973E-3D270BBECEB0}.Release|x64.Build.0 = Release|Any CPU
		{B711C46E-AC5D-4C11-973E-3D270BBECEB0}.Release|x86.ActiveCfg = Release|Any CPU
		{B711C46E-AC5D-4C11-973E-3D270BBECEB0}.Release|x86.Build.0 = Release|Any CPU
		{18A3B8B2-AB0A-4263-8DF0-DAE76AD12FB1}.Debug|Any CPU.ActiveCfg = Debug|Any CPU
		{18A3B8B2-AB0A-4263-8DF0-DAE76AD12FB1}.Debug|Any CPU.Build.0 = Debug|Any CPU
		{18A3B8B2-AB0A-4263-8DF0-DAE76AD12FB1}.Debug|x64.ActiveCfg = Debug|Any CPU
		{18A3B8B2-AB0A-4263-8DF0-DAE76AD12FB1}.Debug|x64.Build.0 = Debug|Any CPU
		{18A3B8B2-AB0A-4263-8DF0-DAE76AD12FB1}.Debug|x86.ActiveCfg = Debug|Any CPU
		{18A3B8B2-AB0A-4263-8DF0-DAE76AD12FB1}.Debug|x86.Build.0 = Debug|Any CPU
		{18A3B8B2-AB0A-4263-8DF0-DAE76AD12FB1}.Release|Any CPU.ActiveCfg = Release|Any CPU
		{18A3B8B2-AB0A-4263-8DF0-DAE76AD12FB1}.Release|Any CPU.Build.0 = Release|Any CPU
		{18A3B8B2-AB0A-4263-8DF0-DAE76AD12FB1}.Release|x64.ActiveCfg = Release|Any CPU
		{18A3B8B2-AB0A-4263-8DF0-DAE76AD12FB1}.Release|x64.Build.0 = Release|Any CPU
		{18A3B8B2-AB0A-4263-8DF0-DAE76AD12FB1}.Release|x86.ActiveCfg = Release|Any CPU
		{18A3B8B2-AB0A-4263-8DF0-DAE76AD12FB1}.Release|x86.Build.0 = Release|Any CPU
		{444858F4-43D0-45C4-A852-A71A0C70FEFD}.Debug|Any CPU.ActiveCfg = Debug|Any CPU
		{444858F4-43D0-45C4-A852-A71A0C70FEFD}.Debug|Any CPU.Build.0 = Debug|Any CPU
		{444858F4-43D0-45C4-A852-A71A0C70FEFD}.Debug|x64.ActiveCfg = Debug|Any CPU
		{444858F4-43D0-45C4-A852-A71A0C70FEFD}.Debug|x64.Build.0 = Debug|Any CPU
		{444858F4-43D0-45C4-A852-A71A0C70FEFD}.Debug|x86.ActiveCfg = Debug|Any CPU
		{444858F4-43D0-45C4-A852-A71A0C70FEFD}.Debug|x86.Build.0 = Debug|Any CPU
		{444858F4-43D0-45C4-A852-A71A0C70FEFD}.Release|Any CPU.ActiveCfg = Release|Any CPU
		{444858F4-43D0-45C4-A852-A71A0C70FEFD}.Release|Any CPU.Build.0 = Release|Any CPU
		{444858F4-43D0-45C4-A852-A71A0C70FEFD}.Release|x64.ActiveCfg = Release|Any CPU
		{444858F4-43D0-45C4-A852-A71A0C70FEFD}.Release|x64.Build.0 = Release|Any CPU
		{444858F4-43D0-45C4-A852-A71A0C70FEFD}.Release|x86.ActiveCfg = Release|Any CPU
		{444858F4-43D0-45C4-A852-A71A0C70FEFD}.Release|x86.Build.0 = Release|Any CPU
	EndGlobalSection
	GlobalSection(SolutionProperties) = preSolution
		HideSolutionNode = FALSE
	EndGlobalSection
EndGlobal
